
Microsoft Visual Studio Solution File, Format Version 12.00
# Visual Studio Version 17
VisualStudioVersion = 17.9.34607.119
MinimumVisualStudioVersion = 10.0.40219.1
Project("{FAE04EC0-301F-11D3-BF4B-00C04F79EFBC}") = "MvcTest", "MvcTest\MvcTest.csproj", "{B200D3E7-DA3A-4EED-AC7D-A7F0B2B88A02}"
EndProject
Project("{FAE04EC0-301F-11D3-BF4B-00C04F79EFBC}") = "MvcTest.Data", "MvcTest.Data\MvcTest.Data.csproj", "{87D3FD3F-8C65-419F-B505-D667382761F8}"
EndProject
Global
	GlobalSection(SolutionConfigurationPlatforms) = preSolution
		Debug|Any CPU = Debug|Any CPU
		Release|Any CPU = Release|Any CPU
	EndGlobalSection
	GlobalSection(ProjectConfigurationPlatforms) = postSolution
		{B200D3E7-DA3A-4EED-AC7D-A7F0B2B88A02}.Debug|Any CPU.ActiveCfg = Debug|Any CPU
		{B200D3E7-DA3A-4EED-AC7D-A7F0B2B88A02}.Debug|Any CPU.Build.0 = Debug|Any CPU
		{B200D3E7-DA3A-4EED-AC7D-A7F0B2B88A02}.Release|Any CPU.ActiveCfg = Release|Any CPU
		{B200D3E7-DA3A-4EED-AC7D-A7F0B2B88A02}.Release|Any CPU.Build.0 = Release|Any CPU
		{87D3FD3F-8C65-419F-B505-D667382761F8}.Debug|Any CPU.ActiveCfg = Debug|Any CPU
		{87D3FD3F-8C65-419F-B505-D667382761F8}.Debug|Any CPU.Build.0 = Debug|Any CPU
		{87D3FD3F-8C65-419F-B505-D667382761F8}.Release|Any CPU.ActiveCfg = Release|Any CPU
		{87D3FD3F-8C65-419F-B505-D667382761F8}.Release|Any CPU.Build.0 = Release|Any CPU
	EndGlobalSection
	GlobalSection(SolutionProperties) = preSolution
		HideSolutionNode = FALSE
	EndGlobalSection
	GlobalSection(ExtensibilityGlobals) = postSolution
		SolutionGuid = {F9D930D1-B29F-453A-90CB-8530430CA3A7}
	EndGlobalSection
EndGlobal
